{
  "name": "todo-cli",
  "version": "1.0.0",
  "lockfileVersion": 2,
  "requires": true,
  "packages": {
    "": {
      "name": "todo-cli",
      "version": "1.0.0",
      "license": "ISC",
      "dependencies": {
        "loading-cli": "^1.1.0",
        "readline-sync": "^1.4.10"
      }
    },
    "node_modules/colors-cli": {
      "version": "1.0.29",
      "resolved": "https://registry.npmjs.org/colors-cli/-/colors-cli-1.0.29.tgz",
      "integrity": "sha512-S3wbmkI5Hmw7V9zM+xwxqLQAm2Z21epMtfEzErzhA/ToGNSpMOMA1Y842O56tiH5La9ZGMasAGVUKFYfb9RG9g==",
      "bin": {
        "colors": "bin/colors"
      }
    },
    "node_modules/loading-cli": {
      "version": "1.1.0",
      "resolved": "https://registry.npmjs.org/loading-cli/-/loading-cli-1.1.0.tgz",
      "integrity": "sha512-r6Kj0Y3d3isT4vvJ0tFlND1CcLkpatWmlgQs/PEfnSofJSHZwAbsqexnpQEDj4nlxSXEqFWh/Wu2iQXAAZRPNQ==",
      "dependencies": {
        "colors-cli": "^1.0.26"
      }
    },
    "node_modules/readline-sync": {
      "version": "1.4.10",
      "resolved": "https://registry.npmjs.org/readline-sync/-/readline-sync-1.4.10.tgz",
      "integrity": "sha512-gNva8/6UAe8QYepIQH/jQ2qn91Qj0B9sYjMBBs3QOB8F2CXcKgLxQaJRP76sWVRQt+QU+8fAkCbCvjjMFu7Ycw==",
      "engines": {
        "node": ">= 0.8.0"
      }
    }
  },
  "dependencies": {
    "colors-cli": {
      "version": "1.0.29",
      "resolved": "https://registry.npmjs.org/colors-cli/-/colors-cli-1.0.29.tgz",
      "integrity": "sha512-S3wbmkI5Hmw7V9zM+xwxqLQAm2Z21epMtfEzErzhA/ToGNSpMOMA1Y842O56tiH5La9ZGMasAGVUKFYfb9RG9g=="
    },
    "loading-cli": {
      "version": "1.1.0",
      "resolved": "https://registry.npmjs.org/loading-cli/-/loading-cli-1.1.0.tgz",
      "integrity": "sha512-r6Kj0Y3d3isT4vvJ0tFlND1CcLkpatWmlgQs/PEfnSofJSHZwAbsqexnpQEDj4nlxSXEqFWh/Wu2iQXAAZRPNQ==",
      "requires": {
        "colors-cli": "^1.0.26"
      }
    },
    "readline-sync": {
      "version": "1.4.10",
      "resolved": "https://registry.npmjs.org/readline-sync/-/readline-sync-1.4.10.tgz",
      "integrity": "sha512-gNva8/6UAe8QYepIQH/jQ2qn91Qj0B9sYjMBBs3QOB8F2CXcKgLxQaJRP76sWVRQt+QU+8fAkCbCvjjMFu7Ycw=="
    }
  }
}
